
Microsoft Visual Studio Solution File, Format Version 12.00
Project("{FAE04EC0-301F-11D3-BF4B-00C04F79EFBC}") = "EnvueClustering", "EnvueClustering.csproj", "{7AFB3C50-E12E-453B-9719-C2781AB01A7B}"
EndProject
Global
	GlobalSection(SolutionConfigurationPlatforms) = preSolution
		Debug|Any CPU = Debug|Any CPU
		Release|Any CPU = Release|Any CPU
	EndGlobalSection
	GlobalSection(ProjectConfigurationPlatforms) = postSolution
		{7AFB3C50-E12E-453B-9719-C2781AB01A7B}.Debug|Any CPU.ActiveCfg = Debug|Any CPU
		{7AFB3C50-E12E-453B-9719-C2781AB01A7B}.Debug|Any CPU.Build.0 = Debug|Any CPU
		{7AFB3C50-E12E-453B-9719-C2781AB01A7B}.Release|Any CPU.ActiveCfg = Release|Any CPU
		{7AFB3C50-E12E-453B-9719-C2781AB01A7B}.Release|Any CPU.Build.0 = Release|Any CPU
	EndGlobalSection
EndGlobal
